
Microsoft Visual Studio Solution File, Format Version 12.00
# Visual Studio Version 17
VisualStudioVersion = 17.0.32112.339
MinimumVisualStudioVersion = 10.0.40219.1
Project("{FAE04EC0-301F-11D3-BF4B-00C04F79EFBC}") = "WindowsFormsApp13", "WindowsFormsApp13\WindowsFormsApp13.csproj", "{BD4F6CB9-6A3D-4BFF-853D-2E0FFAEF7E03}"
EndProject
Global
	GlobalSection(SolutionConfigurationPlatforms) = preSolution
		Debug|Any CPU = Debug|Any CPU
		Release|Any CPU = Release|Any CPU
	EndGlobalSection
	GlobalSection(ProjectConfigurationPlatforms) = postSolution
		{BD4F6CB9-6A3D-4BFF-853D-2E0FFAEF7E03}.Debug|Any CPU.ActiveCfg = Debug|Any CPU
		{BD4F6CB9-6A3D-4BFF-853D-2E0FFAEF7E03}.Debug|Any CPU.Build.0 = Debug|Any CPU
		{BD4F6CB9-6A3D-4BFF-853D-2E0FFAEF7E03}.Release|Any CPU.ActiveCfg = Release|Any CPU
		{BD4F6CB9-6A3D-4BFF-853D-2E0FFAEF7E03}.Release|Any CPU.Build.0 = Release|Any CPU
	EndGlobalSection
	GlobalSection(SolutionProperties) = preSolution
		HideSolutionNode = FALSE
	EndGlobalSection
	GlobalSection(ExtensibilityGlobals) = postSolution
		SolutionGuid = {0BAFADAE-18DA-4C5C-8BFD-71C72CE7D127}
	EndGlobalSection
EndGlobal
